
Microsoft Visual Studio Solution File, Format Version 12.00
# Visual Studio Version 17
VisualStudioVersion = 17.10.35013.160
MinimumVisualStudioVersion = 10.0.40219.1
Project("{888888A0-9F3D-457C-B088-3A5042F75D52}") = "PriceScraper", "PriceScraper\PriceScraper.pyproj", "{98481E1E-F9FB-43BB-8217-06D9437F5731}"
EndProject
Global
	GlobalSection(SolutionConfigurationPlatforms) = preSolution
		Debug|Any CPU = Debug|Any CPU
		Release|Any CPU = Release|Any CPU
	EndGlobalSection
	GlobalSection(ProjectConfigurationPlatforms) = postSolution
		{98481E1E-F9FB-43BB-8217-06D9437F5731}.Debug|Any CPU.ActiveCfg = Debug|Any CPU
		{98481E1E-F9FB-43BB-8217-06D9437F5731}.Release|Any CPU.ActiveCfg = Release|Any CPU
	EndGlobalSection
	GlobalSection(SolutionProperties) = preSolution
		HideSolutionNode = FALSE
	EndGlobalSection
	GlobalSection(ExtensibilityGlobals) = postSolution
		SolutionGuid = {0834EB56-0AEB-480D-9BC2-28F47D15F03B}
	EndGlobalSection
EndGlobal
